// !$*UTF8*$!
{
	archiveVersion = 1;
	classes = {
	};
	objectVersion = 56;
	objects = {

/* Begin PBXBuildFile section */
		B83C2E8C2912958900EC04CE /* AppDelegate.swift in Sources */ = {isa = PBXBuildFile; fileRef = B83C2E8B2912958900EC04CE /* AppDelegate.swift */; };
		B83C2E8E2912958900EC04CE /* SceneDelegate.swift in Sources */ = {isa = PBXBuildFile; fileRef = B83C2E8D2912958900EC04CE /* SceneDelegate.swift */; };
		B83C2E902912958900EC04CE /* ViewController.swift in Sources */ = {isa = PBXBuildFile; fileRef = B83C2E8F2912958900EC04CE /* ViewController.swift */; };
		B83C2E932912958900EC04CE /* Main.storyboard in Resources */ = {isa = PBXBuildFile; fileRef = B83C2E912912958900EC04CE /* Main.storyboard */; };
		B83C2E952912958B00EC04CE /* Assets.xcassets in Resources */ = {isa = PBXBuildFile; fileRef = B83C2E942912958B00EC04CE /* Assets.xcassets */; };
		B83C2E982912958B00EC04CE /* LaunchScreen.storyboard in Resources */ = {isa = PBXBuildFile; fileRef = B83C2E962912958B00EC04CE /* LaunchScreen.storyboard */; };
		B83C2EA129129DF800EC04CE /* SpringAnimation in Frameworks */ = {isa = PBXBuildFile; productRef = B83C2EA029129DF800EC04CE /* SpringAnimation */; };
		B83C2EA32912B25A00EC04CE /* DataStore.swift in Sources */ = {isa = PBXBuildFile; fileRef = B83C2EA22912B25A00EC04CE /* DataStore.swift */; };
		B83C2EA62912B3EA00EC04CE /* Animation.swift in Sources */ = {isa = PBXBuildFile; fileRef = B83C2EA52912B3EA00EC04CE /* Animation.swift */; };
/* End PBXBuildFile section */

/* Begin PBXFileReference section */
		B83C2E882912958900EC04CE /* AnimApp.app */ = {isa = PBXFileReference; explicitFileType = wrapper.application; includeInIndex = 0; path = AnimApp.app; sourceTree = BUILT_PRODUCTS_DIR; };
		B83C2E8B2912958900EC04CE /* AppDelegate.swift */ = {isa = PBXFileReference; lastKnownFileType = sourcecode.swift; path = AppDelegate.swift; sourceTree = "<group>"; };
		B83C2E8D2912958900EC04CE /* SceneDelegate.swift */ = {isa = PBXFileReference; lastKnownFileType = sourcecode.swift; path = SceneDelegate.swift; sourceTree = "<group>"; };
		B83C2E8F2912958900EC04CE /* ViewController.swift */ = {isa = PBXFileReference; lastKnownFileType = sourcecode.swift; path = ViewController.swift; sourceTree = "<group>"; };
		B83C2E922912958900EC04CE /* Base */ = {isa = PBXFileReference; lastKnownFileType = file.storyboard; name = Base; path = Base.lproj/Main.storyboard; sourceTree = "<group>"; };
		B83C2E942912958B00EC04CE /* Assets.xcassets */ = {isa = PBXFileReference; lastKnownFileType = folder.assetcatalog; path = Assets.xcassets; sourceTree = "<group>"; };
		B83C2E972912958B00EC04CE /* Base */ = {isa = PBXFileReference; lastKnownFileType = file.storyboard; name = Base; path = Base.lproj/LaunchScreen.storyboard; sourceTree = "<group>"; };
		B83C2E992912958B00EC04CE /* Info.plist */ = {isa = PBXFileReference; lastKnownFileType = text.plist.xml; path = Info.plist; sourceTree = "<group>"; };
		B83C2EA22912B25A00EC04CE /* DataStore.swift */ = {isa = PBXFileReference; lastKnownFileType = sourcecode.swift; path = DataStore.swift; sourceTree = "<group>"; };
		B83C2EA52912B3EA00EC04CE /* Animation.swift */ = {isa = PBXFileReference; lastKnownFileType = sourcecode.swift; path = Animation.swift; sourceTree = "<group>"; };
/* End PBXFileReference section */

/* Begin PBXFrameworksBuildPhase section */
		B83C2E852912958900EC04CE /* Frameworks */ = {
			isa = PBXFrameworksBuildPhase;
			buildActionMask = 2147483647;
			files = (
				B83C2EA129129DF800EC04CE /* SpringAnimation in Frameworks */,
			);
			runOnlyForDeploymentPostprocessing = 0;
		};
/* End PBXFrameworksBuildPhase section */

/* Begin PBXGroup section */
		B83C2E7F2912958900EC04CE = {
			isa = PBXGroup;
			children = (
				B83C2E8A2912958900EC04CE /* AnimApp */,
				B83C2E892912958900EC04CE /* Products */,
			);
			sourceTree = "<group>";
		};
		B83C2E892912958900EC04CE /* Products */ = {
			isa = PBXGroup;
			children = (
				B83C2E882912958900EC04CE /* AnimApp.app */,
			);
			name = Products;
			sourceTree = "<group>";
		};
		B83C2E8A2912958900EC04CE /* AnimApp */ = {
			isa = PBXGroup;
			children = (
				B83C2EA82912B40900EC04CE /* App */,
				B83C2EAA2912B43000EC04CE /* Services */,
				B83C2EA42912B3D800EC04CE /* Models */,
				B83C2EA92912B41B00EC04CE /* Storyboards */,
				B83C2EA72912B3F100EC04CE /* ViewControllers */,
				B83C2E942912958B00EC04CE /* Assets.xcassets */,
				B83C2E992912958B00EC04CE /* Info.plist */,
			);
			path = AnimApp;
			sourceTree = "<group>";
		};
		B83C2EA42912B3D800EC04CE /* Models */ = {
			isa = PBXGroup;
			children = (
				B83C2EA52912B3EA00EC04CE /* Animation.swift */,
			);
			path = Models;
			sourceTree = "<group>";
		};
		B83C2EA72912B3F100EC04CE /* ViewControllers */ = {
			isa = PBXGroup;
			children = (
				B83C2E8F2912958900EC04CE /* ViewController.swift */,
			);
			path = ViewControllers;
			sourceTree = "<group>";
		};
		B83C2EA82912B40900EC04CE /* App */ = {
			isa = PBXGroup;
			children = (
				B83C2E8B2912958900EC04CE /* AppDelegate.swift */,
				B83C2E8D2912958900EC04CE /* SceneDelegate.swift */,
			);
			path = App;
			sourceTree = "<group>";
		};
		B83C2EA92912B41B00EC04CE /* Storyboards */ = {
			isa = PBXGroup;
			children = (
				B83C2E912912958900EC04CE /* Main.storyboard */,
				B83C2E962912958B00EC04CE /* LaunchScreen.storyboard */,
			);
			path = Storyboards;
			sourceTree = "<group>";
		};
		B83C2EAA2912B43000EC04CE /* Services */ = {
			isa = PBXGroup;
			children = (
				B83C2EA22912B25A00EC04CE /* DataStore.swift */,
			);
			path = Services;
			sourceTree = "<group>";
		};
/* End PBXGroup section */

/* Begin PBXNativeTarget section */
		B83C2E872912958900EC04CE /* AnimApp */ = {
			isa = PBXNativeTarget;
			buildConfigurationList = B83C2E9C2912958B00EC04CE /* Build configuration list for PBXNativeTarget "AnimApp" */;
			buildPhases = (
				B83C2E842912958900EC04CE /* Sources */,
				B83C2E852912958900EC04CE /* Frameworks */,
				B83C2E862912958900EC04CE /* Resources */,
			);
			buildRules = (
			);
			dependencies = (
			);
			name = AnimApp;
			packageProductDependencies = (
				B83C2EA029129DF800EC04CE /* SpringAnimation */,
			);
			productName = AnimApp;
			productReference = B83C2E882912958900EC04CE /* AnimApp.app */;
			productType = "com.apple.product-type.application";
		};
/* End PBXNativeTarget section */

/* Begin PBXProject section */
		B83C2E802912958900EC04CE /* Project object */ = {
			isa = PBXProject;
			attributes = {
				BuildIndependentTargetsInParallel = 1;
				LastSwiftUpdateCheck = 1400;
				LastUpgradeCheck = 1400;
				TargetAttributes = {
					B83C2E872912958900EC04CE = {
						CreatedOnToolsVersion = 14.0.1;
					};
				};
			};
			buildConfigurationList = B83C2E832912958900EC04CE /* Build configuration list for PBXProject "AnimApp" */;
			compatibilityVersion = "Xcode 14.0";
			developmentRegion = en;
			hasScannedForEncodings = 0;
			knownRegions = (
				en,
				Base,
			);
			mainGroup = B83C2E7F2912958900EC04CE;
			packageReferences = (
				B83C2E9F29129DF800EC04CE /* XCRemoteSwiftPackageReference "SpringAnimation" */,
			);
			productRefGroup = B83C2E892912958900EC04CE /* Products */;
			projectDirPath = "";
			projectRoot = "";
			targets = (
				B83C2E872912958900EC04CE /* AnimApp */,
			);
		};
/* End PBXProject section */

/* Begin PBXResourcesBuildPhase section */
		B83C2E862912958900EC04CE /* Resources */ = {
			isa = PBXResourcesBuildPhase;
			buildActionMask = 2147483647;
			files = (
				B83C2E982912958B00EC04CE /* LaunchScreen.storyboard in Resources */,
				B83C2E952912958B00EC04CE /* Assets.xcassets in Resources */,
				B83C2E932912958900EC04CE /* Main.storyboard in Resources */,
			);
			runOnlyForDeploymentPostprocessing = 0;
		};
/* End PBXResourcesBuildPhase section */

/* Begin PBXSourcesBuildPhase section */
		B83C2E842912958900EC04CE /* Sources */ = {
			isa = PBXSourcesBuildPhase;
			buildActionMask = 2147483647;
			files = (
				B83C2E902912958900EC04CE /* ViewController.swift in Sources */,
				B83C2EA32912B25A00EC04CE /* DataStore.swift in Sources */,
				B83C2E8C2912958900EC04CE /* AppDelegate.swift in Sources */,
				B83C2EA62912B3EA00EC04CE /* Animation.swift in Sources */,
				B83C2E8E2912958900EC04CE /* SceneDelegate.swift in Sources */,
			);
			runOnlyForDeploymentPostprocessing = 0;
		};
/* End PBXSourcesBuildPhase section */

/* Begin PBXVariantGroup section */
		B83C2E912912958900EC04CE /* Main.storyboard */ = {
			isa = PBXVariantGroup;
			children = (
				B83C2E922912958900EC04CE /* Base */,
			);
			name = Main.storyboard;
			sourceTree = "<group>";
		};
		B83C2E962912958B00EC04CE /* LaunchScreen.storyboard */ = {
			isa = PBXVariantGroup;
			children = (
				B83C2E972912958B00EC04CE /* Base */,
			);
			name = LaunchScreen.storyboard;
			sourceTree = "<group>";
		};
/* End PBXVariantGroup section */

/* Begin XCBuildConfiguration section */
		B83C2E9A2912958B00EC04CE /* Debug */ = {
			isa = XCBuildConfiguration;
			buildSettings = {
				ALWAYS_SEARCH_USER_PATHS = NO;
				CLANG_ANALYZER_NONNULL = YES;
				CLANG_ANALYZER_NUMBER_OBJECT_CONVERSION = YES_AGGRESSIVE;
				CLANG_CXX_LANGUAGE_STANDARD = "gnu++20";
				CLANG_ENABLE_MODULES = YES;
				CLANG_ENABLE_OBJC_ARC = YES;
				CLANG_ENABLE_OBJC_WEAK = YES;
				CLANG_WARN_BLOCK_CAPTURE_AUTORELEASING = YES;
				CLANG_WARN_BOOL_CONVERSION = YES;
				CLANG_WARN_COMMA = YES;
				CLANG_WARN_CONSTANT_CONVERSION = YES;
				CLANG_WARN_DEPRECATED_OBJC_IMPLEMENTATIONS = YES;
				CLANG_WARN_DIRECT_OBJC_ISA_USAGE = YES_ERROR;
				CLANG_WARN_DOCUMENTATION_COMMENTS = YES;
				CLANG_WARN_EMPTY_BODY = YES;
				CLANG_WARN_ENUM_CONVERSION = YES;
				CLANG_WARN_INFINITE_RECURSION = YES;
				CLANG_WARN_INT_CONVERSION = YES;
				CLANG_WARN_NON_LITERAL_NULL_CONVERSION = YES;
				CLANG_WARN_OBJC_IMPLICIT_RETAIN_SELF = YES;
				CLANG_WARN_OBJC_LITERAL_CONVERSION = YES;
				CLANG_WARN_OBJC_ROOT_CLASS = YES_ERROR;
				CLANG_WARN_QUOTED_INCLUDE_IN_FRAMEWORK_HEADER = YES;
				CLANG_WARN_RANGE_LOOP_ANALYSIS = YES;
				CLANG_WARN_STRICT_PROTOTYPES = YES;
				CLANG_WARN_SUSPICIOUS_MOVE = YES;
				CLANG_WARN_UNGUARDED_AVAILABILITY = YES_AGGRESSIVE;
				CLANG_WARN_UNREACHABLE_CODE = YES;
				CLANG_WARN__DUPLICATE_METHOD_MATCH = YES;
				COPY_PHASE_STRIP = NO;
				DEBUG_INFORMATION_FORMAT = dwarf;
				ENABLE_STRICT_OBJC_MSGSEND = YES;
				ENABLE_TESTABILITY = YES;
				GCC_C_LANGUAGE_STANDARD = gnu11;
				GCC_DYNAMIC_NO_PIC = NO;
				GCC_NO_COMMON_BLOCKS = YES;
				GCC_OPTIMIZATION_LEVEL = 0;
				GCC_PREPROCESSOR_DEFINITIONS = (
					"DEBUG=1",
					"$(inherited)",
				);
				GCC_WARN_64_TO_32_BIT_CONVERSION = YES;
				GCC_WARN_ABOUT_RETURN_TYPE = YES_ERROR;
				GCC_WARN_UNDECLARED_SELECTOR = YES;
				GCC_WARN_UNINITIALIZED_AUTOS = YES_AGGRESSIVE;
				GCC_WARN_UNUSED_FUNCTION = YES;
				GCC_WARN_UNUSED_VARIABLE = YES;
				IPHONEOS_DEPLOYMENT_TARGET = 16.0;
				MTL_ENABLE_DEBUG_INFO = INCLUDE_SOURCE;
				MTL_FAST_MATH = YES;
				ONLY_ACTIVE_ARCH = YES;
				SDKROOT = iphoneos;
				SWIFT_ACTIVE_COMPILATION_CONDITIONS = DEBUG;
				SWIFT_OPTIMIZATION_LEVEL = "-Onone";
			};
			name = Debug;
		};
		B83C2E9B2912958B00EC04CE /* Release */ = {
			isa = XCBuildConfiguration;
			buildSettings = {
				ALWAYS_SEARCH_USER_PATHS = NO;
				CLANG_ANALYZER_NONNULL = YES;
				CLANG_ANALYZER_NUMBER_OBJECT_CONVERSION = YES_AGGRESSIVE;
				CLANG_CXX_LANGUAGE_STANDARD = "gnu++20";
				CLANG_ENABLE_MODULES = YES;
				CLANG_ENABLE_OBJC_ARC = YES;
				CLANG_ENABLE_OBJC_WEAK = YES;
				CLANG_WARN_BLOCK_CAPTURE_AUTORELEASING = YES;
				CLANG_WARN_BOOL_CONVERSION = YES;
				CLANG_WARN_COMMA = YES;
				CLANG_WARN_CONSTANT_CONVERSION = YES;
				CLANG_WARN_DEPRECATED_OBJC_IMPLEMENTATIONS = YES;
				CLANG_WARN_DIRECT_OBJC_ISA_USAGE = YES_ERROR;
				CLANG_WARN_DOCUMENTATION_COMMENTS = YES;
				CLANG_WARN_EMPTY_BODY = YES;
				CLANG_WARN_ENUM_CONVERSION = YES;
				CLANG_WARN_INFINITE_RECURSION = YES;
				CLANG_WARN_INT_CONVERSION = YES;
				CLANG_WARN_NON_LITERAL_NULL_CONVERSION = YES;
				CLANG_WARN_OBJC_IMPLICIT_RETAIN_SELF = YES;
				CLANG_WARN_OBJC_LITERAL_CONVERSION = YES;
				CLANG_WARN_OBJC_ROOT_CLASS = YES_ERROR;
				CLANG_WARN_QUOTED_INCLUDE_IN_FRAMEWORK_HEADER = YES;
				CLANG_WARN_RANGE_LOOP_ANALYSIS = YES;
				CLANG_WARN_STRICT_PROTOTYPES = YES;
				CLANG_WARN_SUSPICIOUS_MOVE = YES;
				CLANG_WARN_UNGUARDED_AVAILABILITY = YES_AGGRESSIVE;
				CLANG_WARN_UNREACHABLE_CODE = YES;
				CLANG_WARN__DUPLICATE_METHOD_MATCH = YES;
				COPY_PHASE_STRIP = NO;
				DEBUG_INFORMATION_FORMAT = "dwarf-with-dsym";
				ENABLE_NS_ASSERTIONS = NO;
				ENABLE_STRICT_OBJC_MSGSEND = YES;
				GCC_C_LANGUAGE_STANDARD = gnu11;
				GCC_NO_COMMON_BLOCKS = YES;
				GCC_WARN_64_TO_32_BIT_CONVERSION = YES;
				GCC_WARN_ABOUT_RETURN_TYPE = YES_ERROR;
				GCC_WARN_UNDECLARED_SELECTOR = YES;
				GCC_WARN_UNINITIALIZED_AUTOS = YES_AGGRESSIVE;
				GCC_WARN_UNUSED_FUNCTION = YES;
				GCC_WARN_UNUSED_VARIABLE = YES;
				IPHONEOS_DEPLOYMENT_TARGET = 16.0;
				MTL_ENABLE_DEBUG_INFO = NO;
				MTL_FAST_MATH = YES;
				SDKROOT = iphoneos;
				SWIFT_COMPILATION_MODE = wholemodule;
				SWIFT_OPTIMIZATION_LEVEL = "-O";
				VALIDATE_PRODUCT = YES;
			};
			name = Release;
		};
		B83C2E9D2912958B00EC04CE /* Debug */ = {
			isa = XCBuildConfiguration;
			buildSettings = {
				ASSETCATALOG_COMPILER_APPICON_NAME = AppIcon;
				ASSETCATALOG_COMPILER_GLOBAL_ACCENT_COLOR_NAME = AccentColor;
				CODE_SIGN_STYLE = Automatic;
				CURRENT_PROJECT_VERSION = 1;
				DEVELOPMENT_TEAM = S3FDYF8UUF;
				GENERATE_INFOPLIST_FILE = YES;
				INFOPLIST_FILE = AnimApp/Info.plist;
				INFOPLIST_KEY_UIApplicationSupportsIndirectInputEvents = YES;
				INFOPLIST_KEY_UILaunchStoryboardName = LaunchScreen;
				INFOPLIST_KEY_UIMainStoryboardFile = Main;
				INFOPLIST_KEY_UISupportedInterfaceOrientations = UIInterfaceOrientationPortrait;
				INFOPLIST_KEY_UISupportedInterfaceOrientations_iPad = "UIInterfaceOrientationLandscapeLeft UIInterfaceOrientationLandscapeRight UIInterfaceOrientationPortrait UIInterfaceOrientationPortraitUpsideDown";
				IPHONEOS_DEPLOYMENT_TARGET = 15.5;
				LD_RUNPATH_SEARCH_PATHS = (
					"$(inherited)",
					"@executable_path/Frameworks",
				);
				MARKETING_VERSION = 1.0;
				PRODUCT_BUNDLE_IDENTIFIER = "nu-shtosh.AnimApp";
				PRODUCT_NAME = "$(TARGET_NAME)";
				SUPPORTED_PLATFORMS = "iphoneos iphonesimulator";
				SUPPORTS_MACCATALYST = NO;
				SUPPORTS_MAC_DESIGNED_FOR_IPHONE_IPAD = NO;
				SWIFT_EMIT_LOC_STRINGS = YES;
				SWIFT_VERSION = 5.0;
				TARGETED_DEVICE_FAMILY = 1;
			};
			name = Debug;
		};
		B83C2E9E2912958B00EC04CE /* Release */ = {
			isa = XCBuildConfiguration;
			buildSettings = {
				ASSETCATALOG_COMPILER_APPICON_NAME = AppIcon;
				ASSETCATALOG_COMPILER_GLOBAL_ACCENT_COLOR_NAME = AccentColor;
				CODE_SIGN_STYLE = Automatic;
				CURRENT_PROJECT_VERSION = 1;
				DEVELOPMENT_TEAM = S3FDYF8UUF;
				GENERATE_INFOPLIST_FILE = YES;
				INFOPLIST_FILE = AnimApp/Info.plist;
				INFOPLIST_KEY_UIApplicationSupportsIndirectInputEvents = YES;
				INFOPLIST_KEY_UILaunchStoryboardName = LaunchScreen;
				INFOPLIST_KEY_UIMainStoryboardFile = Main;
				INFOPLIST_KEY_UISupportedInterfaceOrientations = UIInterfaceOrientationPortrait;
				INFOPLIST_KEY_UISupportedInterfaceOrientations_iPad = "UIInterfaceOrientationLandscapeLeft UIInterfaceOrientationLandscapeRight UIInterfaceOrientationPortrait UIInterfaceOrientationPortraitUpsideDown";
				IPHONEOS_DEPLOYMENT_TARGET = 15.5;
				LD_RUNPATH_SEARCH_PATHS = (
					"$(inherited)",
					"@executable_path/Frameworks",
				);
				MARKETING_VERSION = 1.0;
				PRODUCT_BUNDLE_IDENTIFIER = "nu-shtosh.AnimApp";
				PRODUCT_NAME = "$(TARGET_NAME)";
				SUPPORTED_PLATFORMS = "iphoneos iphonesimulator";
				SUPPORTS_MACCATALYST = NO;
				SUPPORTS_MAC_DESIGNED_FOR_IPHONE_IPAD = NO;
				SWIFT_EMIT_LOC_STRINGS = YES;
				SWIFT_VERSION = 5.0;
				TARGETED_DEVICE_FAMILY = 1;
			};
			name = Release;
		};
/* End XCBuildConfiguration section */

/* Begin XCConfigurationList section */
		B83C2E832912958900EC04CE /* Build configuration list for PBXProject "AnimApp" */ = {
			isa = XCConfigurationList;
			buildConfigurations = (
				B83C2E9A2912958B00EC04CE /* Debug */,
				B83C2E9B2912958B00EC04CE /* Release */,
			);
			defaultConfigurationIsVisible = 0;
			defaultConfigurationName = Release;
		};
		B83C2E9C2912958B00EC04CE /* Build configuration list for PBXNativeTarget "AnimApp" */ = {
			isa = XCConfigurationList;
			buildConfigurations = (
				B83C2E9D2912958B00EC04CE /* Debug */,
				B83C2E9E2912958B00EC04CE /* Release */,
			);
			defaultConfigurationIsVisible = 0;
			defaultConfigurationName = Release;
		};
/* End XCConfigurationList section */

/* Begin XCRemoteSwiftPackageReference section */
		B83C2E9F29129DF800EC04CE /* XCRemoteSwiftPackageReference "SpringAnimation" */ = {
			isa = XCRemoteSwiftPackageReference;
			repositoryURL = "https://github.com/LexDeBash/SpringAnimation.git";
			requirement = {
				kind = upToNextMajorVersion;
				minimumVersion = 0.3.0;
			};
		};
/* End XCRemoteSwiftPackageReference section */

/* Begin XCSwiftPackageProductDependency section */
		B83C2EA029129DF800EC04CE /* SpringAnimation */ = {
			isa = XCSwiftPackageProductDependency;
			package = B83C2E9F29129DF800EC04CE /* XCRemoteSwiftPackageReference "SpringAnimation" */;
			productName = SpringAnimation;
		};
/* End XCSwiftPackageProductDependency section */
	};
	rootObject = B83C2E802912958900EC04CE /* Project object */;
}
